
Microsoft Visual Studio Solution File, Format Version 12.00
# Visual Studio Version 17
VisualStudioVersion = 17.7.34202.233
MinimumVisualStudioVersion = 10.0.40219.1
Project("{FAE04EC0-301F-11D3-BF4B-00C04F79EFBC}") = "LogBook_Winform", "LogBook_Winform\LogBook_Winform.csproj", "{D256C518-7830-4B6D-BC1B-8BC6852BE7FF}"
EndProject
Global
	GlobalSection(SolutionConfigurationPlatforms) = preSolution
		Debug|Any CPU = Debug|Any CPU
		Release|Any CPU = Release|Any CPU
	EndGlobalSection
	GlobalSection(ProjectConfigurationPlatforms) = postSolution
		{D256C518-7830-4B6D-BC1B-8BC6852BE7FF}.Debug|Any CPU.ActiveCfg = Debug|Any CPU
		{D256C518-7830-4B6D-BC1B-8BC6852BE7FF}.Debug|Any CPU.Build.0 = Debug|Any CPU
		{D256C518-7830-4B6D-BC1B-8BC6852BE7FF}.Release|Any CPU.ActiveCfg = Release|Any CPU
		{D256C518-7830-4B6D-BC1B-8BC6852BE7FF}.Release|Any CPU.Build.0 = Release|Any CPU
	EndGlobalSection
	GlobalSection(SolutionProperties) = preSolution
		HideSolutionNode = FALSE
	EndGlobalSection
	GlobalSection(ExtensibilityGlobals) = postSolution
		SolutionGuid = {54295D4D-B258-434B-AC14-8A046F6C50A8}
	EndGlobalSection
EndGlobal
